# THIS IS AN AUTOGENERATED FILE. DO NOT EDIT THIS FILE DIRECTLY.
# yarn lockfile v1


"@0no-co/graphql.web@^1.0.4":
  version "1.0.4"
  resolved "https://registry.yarnpkg.com/@0no-co/graphql.web/-/graphql.web-1.0.4.tgz#9606eb651955499525d068ce0ad8bea596286ce2"
  integrity sha512-W3ezhHGfO0MS1PtGloaTpg0PbaT8aZSmmaerL7idtU5F7oCI+uu25k+MsMS31BVFlp4aMkHSrNRxiD72IlK8TA==

"@fast-csv/format@5.0.0":
  version "5.0.0"
  resolved "https://registry.yarnpkg.com/@fast-csv/format/-/format-5.0.0.tgz#f2e557fdd4370360b418cc78636684c07b12d0ba"
  integrity sha512-IyMpHwYIOGa2f0BJi6Wk55UF0oBA5urdIydoEDYxPo88LFbeb3Yr4rgpu98OAO1glUWheSnNtUgS80LE+/dqmw==
  dependencies:
    lodash.escaperegexp "^4.1.2"
    lodash.isboolean "^3.0.3"
    lodash.isequal "^4.5.0"
    lodash.isfunction "^3.0.9"
    lodash.isnil "^4.0.0"

"@fast-csv/parse@5.0.0":
  version "5.0.0"
  resolved "https://registry.yarnpkg.com/@fast-csv/parse/-/parse-5.0.0.tgz#091665753f9e58f0dda6a55ae30f582526042903"
  integrity sha512-ecF8tCm3jVxeRjEB6VPzmA+1wGaJ5JgaUX2uesOXdXD6qQp0B3EdshOIed4yT1Xlj/F2f8v4zHSo0Oi31L697g==
  dependencies:
    lodash.escaperegexp "^4.1.2"
    lodash.groupby "^4.6.0"
    lodash.isfunction "^3.0.9"
    lodash.isnil "^4.0.0"
    lodash.isundefined "^3.0.1"
    lodash.uniq "^4.5.0"

"@graphql-typed-document-node/core@^3.2.0":
  version "3.2.0"
  resolved "https://registry.yarnpkg.com/@graphql-typed-document-node/core/-/core-3.2.0.tgz#5f3d96ec6b2354ad6d8a28bf216a1d97b5426861"
  integrity sha512-mB9oAsNCm9aM3/SOv4YtBMqZbYj10R7dkq8byBqxGY/ncFwhf2oQzMV+LCRlWoDSEBJ3COiR1yeDvMtsoOsuFQ==

"@mysten/bcs@0.11.1":
  version "0.11.1"
  resolved "https://registry.yarnpkg.com/@mysten/bcs/-/bcs-0.11.1.tgz#0cc0b0f5960f60cfe5cf6a8c229affa59cd09b1b"
  integrity sha512-xP85isNSYUCHd3O/g+TmZYmg4wK6cU8q/n/MebkIGP4CYVJZz2wU/G24xIZ3wI+0iTop4dfgA5kYrg/DQKCUzA==
  dependencies:
    bs58 "^5.0.0"

"@mysten/sui.js@0.50.1":
  version "0.50.1"
  resolved "https://registry.yarnpkg.com/@mysten/sui.js/-/sui.js-0.50.1.tgz#f201d7cad343321f93297d9b14319b2e155d6876"
  integrity sha512-AY0wb4n6PMTRsDGygzrrTHUK/m5KwKZ4aQcN9cayiwsq2iIhfjGo7uuqMA7Y5UiqvLCoF+z7Ig14Q5qejQ/S/w==
  dependencies:
    "@graphql-typed-document-node/core" "^3.2.0"
    "@mysten/bcs" "0.11.1"
    "@noble/curves" "^1.1.0"
    "@noble/hashes" "^1.3.1"
    "@scure/bip32" "^1.3.1"
    "@scure/bip39" "^1.2.1"
    "@suchipi/femver" "^1.0.0"
    bech32 "^2.0.0"
    gql.tada "^1.2.0"
    graphql "^16.8.1"
    superstruct "^1.0.3"
    tweetnacl "^1.0.3"

"@mysten/wallet-standard@0.10.3":
  version "0.10.3"
  resolved "https://registry.yarnpkg.com/@mysten/wallet-standard/-/wallet-standard-0.10.3.tgz#915a0c2822527562be288fc1f784c0411db27b43"
  integrity sha512-StEMbJ7YkdjxoScmOJJjt9JaNgoRLD3FgU4LGFrKFtMXOhPu1Z4WF3qgfYBr+C3UgDh+JNiDIfN9TiGeM/Ahpw==
  dependencies:
    "@mysten/sui.js" "0.50.1"
    "@wallet-standard/core" "1.0.3"

"@mysten/zksend@^0.2.2":
  version "0.2.2"
  resolved "https://registry.yarnpkg.com/@mysten/zksend/-/zksend-0.2.2.tgz#199e19a99d2b346eb422adcb5b437ecf1425ba82"
  integrity sha512-T5CXU8Bmtbq1mMDgi3gCpDEVn+2XbjgmjzIW5XifMnjMdlBvM4EvQJr6Mr0dneKv3qgBMKoEkmRIKW3f+etnGg==
  dependencies:
    "@mysten/sui.js" "0.50.1"
    "@mysten/wallet-standard" "0.10.3"
    mitt "^3.0.1"
    nanostores "^0.9.3"
    valibot "^0.25.0"

"@noble/curves@^1.1.0", "@noble/curves@~1.3.0":
  version "1.3.0"
  resolved "https://registry.yarnpkg.com/@noble/curves/-/curves-1.3.0.tgz#01be46da4fd195822dab821e72f71bf4aeec635e"
  integrity sha512-t01iSXPuN+Eqzb4eBX0S5oubSqXbK/xXa1Ne18Hj8f9pStxztHCE2gfboSp/dZRLSqfuLpRK2nDXDK+W9puocA==
  dependencies:
    "@noble/hashes" "1.3.3"

"@noble/hashes@1.3.3", "@noble/hashes@^1.3.1", "@noble/hashes@~1.3.2":
  version "1.3.3"
  resolved "https://registry.yarnpkg.com/@noble/hashes/-/hashes-1.3.3.tgz#39908da56a4adc270147bb07968bf3b16cfe1699"
  integrity sha512-V7/fPHgl+jsVPXqqeOzT8egNj2iBIVt+ECeMMG8TdcnTikP3oaBtUVqpT/gYCR68aEBJSF+XbYUxStjbFMqIIA==

"@scure/base@~1.1.4":
  version "1.1.5"
  resolved "https://registry.yarnpkg.com/@scure/base/-/base-1.1.5.tgz#1d85d17269fe97694b9c592552dd9e5e33552157"
  integrity sha512-Brj9FiG2W1MRQSTB212YVPRrcbjkv48FoZi/u4l/zds/ieRrqsh7aUf6CLwkAq61oKXr/ZlTzlY66gLIj3TFTQ==

"@scure/bip32@^1.3.1":
  version "1.3.3"
  resolved "https://registry.yarnpkg.com/@scure/bip32/-/bip32-1.3.3.tgz#a9624991dc8767087c57999a5d79488f48eae6c8"
  integrity sha512-LJaN3HwRbfQK0X1xFSi0Q9amqOgzQnnDngIt+ZlsBC3Bm7/nE7K0kwshZHyaru79yIVRv/e1mQAjZyuZG6jOFQ==
  dependencies:
    "@noble/curves" "~1.3.0"
    "@noble/hashes" "~1.3.2"
    "@scure/base" "~1.1.4"

"@scure/bip39@^1.2.1":
  version "1.2.2"
  resolved "https://registry.yarnpkg.com/@scure/bip39/-/bip39-1.2.2.tgz#f3426813f4ced11a47489cbcf7294aa963966527"
  integrity sha512-HYf9TUXG80beW+hGAt3TRM8wU6pQoYur9iNypTROm42dorCGmLnFe3eWjz3gOq6G62H2WRh0FCzAR1PI+29zIA==
  dependencies:
    "@noble/hashes" "~1.3.2"
    "@scure/base" "~1.1.4"

"@suchipi/femver@^1.0.0":
  version "1.0.0"
  resolved "https://registry.yarnpkg.com/@suchipi/femver/-/femver-1.0.0.tgz#4909dcc069695e07bd23a64c4bfe411d11d9692f"
  integrity sha512-bprE8+K5V+DPX7q2e2K57ImqNBdfGHDIWaGI5xHxZoxbKOuQZn4wzPiUxOAHnsUr3w3xHrWXwN7gnG/iIuEMIg==

"@types/node@^20.11.17":
  version "20.11.17"
  resolved "https://registry.yarnpkg.com/@types/node/-/node-20.11.17.tgz#cdd642d0e62ef3a861f88ddbc2b61e32578a9292"
  integrity sha512-QmgQZGWu1Yw9TDyAP9ZzpFJKynYNeOvwMJmaxABfieQoVoiVOS6MN1WSpqpRcbeA5+RW82kraAVxCCJg+780Qw==
  dependencies:
    undici-types "~5.26.4"

"@wallet-standard/app@^1.0.1":
  version "1.0.1"
  resolved "https://registry.yarnpkg.com/@wallet-standard/app/-/app-1.0.1.tgz#f83c3ae887f7fb52497a7b259bba734ae10a2994"
  integrity sha512-LnLYq2Vy2guTZ8GQKKSXQK3+FRGPil75XEdkZqE6fiLixJhZJoJa5hT7lXxwe0ykVTt9LEThdTbOpT7KadS26Q==
  dependencies:
    "@wallet-standard/base" "^1.0.1"

"@wallet-standard/base@^1.0.1":
  version "1.0.1"
  resolved "https://registry.yarnpkg.com/@wallet-standard/base/-/base-1.0.1.tgz#860dd94d47c9e3c5c43b79d91c6afdbd7a36264e"
  integrity sha512-1To3ekMfzhYxe0Yhkpri+Fedq0SYcfrOfJi3vbLjMwF2qiKPjTGLwZkf2C9ftdQmxES+hmxhBzTwF4KgcOwf8w==

"@wallet-standard/core@1.0.3":
  version "1.0.3"
  resolved "https://registry.yarnpkg.com/@wallet-standard/core/-/core-1.0.3.tgz#3b6743e207ca4e1e725ae20f1838b400fb0694ff"
  integrity sha512-Jb33IIjC1wM1HoKkYD7xQ6d6PZ8EmMZvyc8R7dFgX66n/xkvksVTW04g9yLvQXrLFbcIjHrCxW6TXMhvpsAAzg==
  dependencies:
    "@wallet-standard/app" "^1.0.1"
    "@wallet-standard/base" "^1.0.1"
    "@wallet-standard/features" "^1.0.3"
    "@wallet-standard/wallet" "^1.0.1"

"@wallet-standard/features@^1.0.3":
  version "1.0.3"
  resolved "https://registry.yarnpkg.com/@wallet-standard/features/-/features-1.0.3.tgz#c992876c5e4f7a0672f8869c4146c87e0dfe48c8"
  integrity sha512-m8475I6W5LTatTZuUz5JJNK42wFRgkJTB0I9tkruMwfqBF2UN2eomkYNVf9RbrsROelCRzSFmugqjKZBFaubsA==
  dependencies:
    "@wallet-standard/base" "^1.0.1"

"@wallet-standard/wallet@^1.0.1":
  version "1.0.1"
  resolved "https://registry.yarnpkg.com/@wallet-standard/wallet/-/wallet-1.0.1.tgz#95438941a2a1ee12a794444357b59d53e19b374c"
  integrity sha512-qkhJeuQU2afQTZ02yMZE5SFc91Fo3hyFjFkpQglHudENNyiSG0oUKcIjky8X32xVSaumgTZSQUAzpXnCTWHzKQ==
  dependencies:
    "@wallet-standard/base" "^1.0.1"

base-x@^4.0.0:
  version "4.0.0"
  resolved "https://registry.yarnpkg.com/base-x/-/base-x-4.0.0.tgz#d0e3b7753450c73f8ad2389b5c018a4af7b2224a"
  integrity sha512-FuwxlW4H5kh37X/oW59pwTzzTKRzfrrQwhmyspRM7swOEZcHtDZSCt45U6oKgtuFE+WYPblePMVIPR4RZrh/hw==

bech32@^2.0.0:
  version "2.0.0"
  resolved "https://registry.yarnpkg.com/bech32/-/bech32-2.0.0.tgz#078d3686535075c8c79709f054b1b226a133b355"
  integrity sha512-LcknSilhIGatDAsY1ak2I8VtGaHNhgMSYVxFrGLXv+xLHytaKZKcaUJJUE7qmBr7h33o5YQwP55pMI0xmkpJwg==

bs58@^5.0.0:
  version "5.0.0"
  resolved "https://registry.yarnpkg.com/bs58/-/bs58-5.0.0.tgz#865575b4d13c09ea2a84622df6c8cbeb54ffc279"
  integrity sha512-r+ihvQJvahgYT50JD05dyJNKlmmSlMoOGwn1lCcEzanPglg7TxYjioQUYehQ9mAR/+hOSd2jRc/Z2y5UxBymvQ==
  dependencies:
    base-x "^4.0.0"

dotenv@^16.4.1:
  version "16.4.1"
  resolved "https://registry.yarnpkg.com/dotenv/-/dotenv-16.4.1.tgz#1d9931f1d3e5d2959350d1250efab299561f7f11"
  integrity sha512-CjA3y+Dr3FyFDOAMnxZEGtnW9KBR2M0JvvUtXNW+dYJL5ROWxP9DUHCwgFqpMk0OXCc0ljhaNTr2w/kutYIcHQ==

fast-csv@^5.0.0:
  version "5.0.0"
  resolved "https://registry.yarnpkg.com/fast-csv/-/fast-csv-5.0.0.tgz#74b2c0ada46909dc35d341d1c19ee67d9be06a8a"
  integrity sha512-CEwsCv2W+0AvlZRfS4rpagcP2gpMbMjbkFOn9SZ5T6F8gvl040fwPf7/8Rx9/Pxz3NQWbHYOsRFhK/MH/xjaaQ==
  dependencies:
    "@fast-csv/format" "5.0.0"
    "@fast-csv/parse" "5.0.0"

gql.tada@^1.2.0:
  version "1.2.1"
  resolved "https://registry.yarnpkg.com/gql.tada/-/gql.tada-1.2.1.tgz#ca2ec06d403c3b68fdfd1d337309ad3ccb0204ff"
  integrity sha512-Nx8x3g9WLT23eu9aL/4TTFDBwm7CBGVd4F2Jp2H5oOjDpuWv12i1mTLKReQwn2V1ZP+jG8V0ATXzFQZt1pxSgw==
  dependencies:
    "@0no-co/graphql.web" "^1.0.4"

graphql@^16.8.1:
  version "16.8.1"
  resolved "https://registry.yarnpkg.com/graphql/-/graphql-16.8.1.tgz#1930a965bef1170603702acdb68aedd3f3cf6f07"
  integrity sha512-59LZHPdGZVh695Ud9lRzPBVTtlX9ZCV150Er2W43ro37wVof0ctenSaskPPjN7lVTIN8mSZt8PHUNKZuNQUuxw==

lodash.escaperegexp@^4.1.2:
  version "4.1.2"
  resolved "https://registry.yarnpkg.com/lodash.escaperegexp/-/lodash.escaperegexp-4.1.2.tgz#64762c48618082518ac3df4ccf5d5886dae20347"
  integrity sha512-TM9YBvyC84ZxE3rgfefxUWiQKLilstD6k7PTGt6wfbtXF8ixIJLOL3VYyV/z+ZiPLsVxAsKAFVwWlWeb2Y8Yyw==

lodash.groupby@^4.6.0:
  version "4.6.0"
  resolved "https://registry.yarnpkg.com/lodash.groupby/-/lodash.groupby-4.6.0.tgz#0b08a1dcf68397c397855c3239783832df7403d1"
  integrity sha512-5dcWxm23+VAoz+awKmBaiBvzox8+RqMgFhi7UvX9DHZr2HdxHXM/Wrf8cfKpsW37RNrvtPn6hSwNqurSILbmJw==

lodash.isboolean@^3.0.3:
  version "3.0.3"
  resolved "https://registry.yarnpkg.com/lodash.isboolean/-/lodash.isboolean-3.0.3.tgz#6c2e171db2a257cd96802fd43b01b20d5f5870f6"
  integrity sha512-Bz5mupy2SVbPHURB98VAcw+aHh4vRV5IPNhILUCsOzRmsTmSQ17jIuqopAentWoehktxGd9e/hbIXq980/1QJg==

lodash.isequal@^4.5.0:
  version "4.5.0"
  resolved "https://registry.yarnpkg.com/lodash.isequal/-/lodash.isequal-4.5.0.tgz#415c4478f2bcc30120c22ce10ed3226f7d3e18e0"
  integrity sha512-pDo3lu8Jhfjqls6GkMgpahsF9kCyayhgykjyLMNFTKWrpVdAQtYyB4muAMWozBB4ig/dtWAmsMxLEI8wuz+DYQ==

lodash.isfunction@^3.0.9:
  version "3.0.9"
  resolved "https://registry.yarnpkg.com/lodash.isfunction/-/lodash.isfunction-3.0.9.tgz#06de25df4db327ac931981d1bdb067e5af68d051"
  integrity sha512-AirXNj15uRIMMPihnkInB4i3NHeb4iBtNg9WRWuK2o31S+ePwwNmDPaTL3o7dTJ+VXNZim7rFs4rxN4YU1oUJw==

lodash.isnil@^4.0.0:
  version "4.0.0"
  resolved "https://registry.yarnpkg.com/lodash.isnil/-/lodash.isnil-4.0.0.tgz#49e28cd559013458c814c5479d3c663a21bfaa6c"
  integrity sha512-up2Mzq3545mwVnMhTDMdfoG1OurpA/s5t88JmQX809eH3C8491iu2sfKhTfhQtKY78oPNhiaHJUpT/dUDAAtng==

lodash.isundefined@^3.0.1:
  version "3.0.1"
  resolved "https://registry.yarnpkg.com/lodash.isundefined/-/lodash.isundefined-3.0.1.tgz#23ef3d9535565203a66cefd5b830f848911afb48"
  integrity sha512-MXB1is3s899/cD8jheYYE2V9qTHwKvt+npCwpD+1Sxm3Q3cECXCiYHjeHWXNwr6Q0SOBPrYUDxendrO6goVTEA==

lodash.uniq@^4.5.0:
  version "4.5.0"
  resolved "https://registry.yarnpkg.com/lodash.uniq/-/lodash.uniq-4.5.0.tgz#d0225373aeb652adc1bc82e4945339a842754773"
  integrity sha512-xfBaXQd9ryd9dlSDvnvI0lvxfLJlYAZzXomUYzLKtUeOQvOP5piqAWuGtrhWeqaXK9hhoM/iyJc5AV+XfsX3HQ==

mitt@^3.0.1:
  version "3.0.1"
  resolved "https://registry.yarnpkg.com/mitt/-/mitt-3.0.1.tgz#ea36cf0cc30403601ae074c8f77b7092cdab36d1"
  integrity sha512-vKivATfr97l2/QBCYAkXYDbrIWPM2IIKEl7YPhjCvKlG3kE2gm+uBo6nEXK3M5/Ffh/FLpKExzOQ3JJoJGFKBw==

nanostores@^0.9.3:
  version "0.9.5"
  resolved "https://registry.yarnpkg.com/nanostores/-/nanostores-0.9.5.tgz#4fcfce9786c4bf16e045a899cda2e46e90780a5b"
  integrity sha512-Z+p+g8E7yzaWwOe5gEUB2Ox0rCEeXWYIZWmYvw/ajNYX8DlXdMvMDj8DWfM/subqPAcsf8l8Td4iAwO1DeIIRQ==

superstruct@^1.0.3:
  version "1.0.3"
  resolved "https://registry.yarnpkg.com/superstruct/-/superstruct-1.0.3.tgz#de626a5b49c6641ff4d37da3c7598e7a87697046"
  integrity sha512-8iTn3oSS8nRGn+C2pgXSKPI3jmpm6FExNazNpjvqS6ZUJQCej3PUXEKM8NjHBOs54ExM+LPW/FBRhymrdcCiSg==

tweetnacl@^1.0.3:
  version "1.0.3"
  resolved "https://registry.yarnpkg.com/tweetnacl/-/tweetnacl-1.0.3.tgz#ac0af71680458d8a6378d0d0d050ab1407d35596"
  integrity sha512-6rt+RN7aOi1nGMyC4Xa5DdYiukl2UWCbcJft7YhxReBGQD7OAM8Pbxw6YMo4r2diNEA8FEmu32YOn9rhaiE5yw==

undici-types@~5.26.4:
  version "5.26.5"
  resolved "https://registry.yarnpkg.com/undici-types/-/undici-types-5.26.5.tgz#bcd539893d00b56e964fd2657a4866b221a65617"
  integrity sha512-JlCMO+ehdEIKqlFxk6IfVoAUVmgz7cU7zD/h9XZ0qzeosSHmUJVOzSQvvYSYWXkFXC+IfLKSIffhv0sVZup6pA==

valibot@^0.25.0:
  version "0.25.0"
  resolved "https://registry.yarnpkg.com/valibot/-/valibot-0.25.0.tgz#bdbb3a6e910f983b5a65b56b2bff24dfd09064ca"
  integrity sha512-cmD0ca15oyAbT75iYLNW6uU6doAeIwYfOshpXka/E1Bx4frzbkrgb7gvkI7K0YK/DVOksei4FfxWfRoBP3NFTg==
